// !$*UTF8*$!
{
	archiveVersion = 1;
	classes = {
	};
	objectVersion = 56;
	objects = {

/* Begin PBXBuildFile section */
		8E1EBAD62D2070A600FF4ED5 /* Micrograd.docc in Sources */ = {isa = PBXBuildFile; fileRef = 8E1EBAD52D2070A600FF4ED5 /* Micrograd.docc */; };
		8E1EBADC2D2070A600FF4ED5 /* Micrograd.framework in Frameworks */ = {isa = PBXBuildFile; fileRef = 8E1EBAD12D2070A600FF4ED5 /* Micrograd.framework */; };
		8E1EBAE22D2070A600FF4ED5 /* Micrograd.h in Headers */ = {isa = PBXBuildFile; fileRef = 8E1EBAD42D2070A600FF4ED5 /* Micrograd.h */; settings = {ATTRIBUTES = (Public, ); }; };
		8E1EBAEC2D2070FA00FF4ED5 /* Value.swift in Sources */ = {isa = PBXBuildFile; fileRef = 8E1EBAEB2D2070FA00FF4ED5 /* Value.swift */; };
		8E1EBB2D2D207DE200FF4ED5 /* Extensions.swift in Sources */ = {isa = PBXBuildFile; fileRef = 8E1EBB2C2D207DE200FF4ED5 /* Extensions.swift */; };
		8E1EBB3B2D20ADCE00FF4ED5 /* Value+Operators.swift in Sources */ = {isa = PBXBuildFile; fileRef = 8E1EBB3A2D20ADCE00FF4ED5 /* Value+Operators.swift */; };
		8E1EBB402D20CA0F00FF4ED5 /* Neuron.swift in Sources */ = {isa = PBXBuildFile; fileRef = 8E1EBB3F2D20CA0F00FF4ED5 /* Neuron.swift */; };
		8E1EBB422D20CC7800FF4ED5 /* Layer.swift in Sources */ = {isa = PBXBuildFile; fileRef = 8E1EBB412D20CC7800FF4ED5 /* Layer.swift */; };
		8E1EBB442D20CDDE00FF4ED5 /* MLP.swift in Sources */ = {isa = PBXBuildFile; fileRef = 8E1EBB432D20CDDE00FF4ED5 /* MLP.swift */; };
		8E1EBB492D20D10400FF4ED5 /* Value+Backpropagation.swift in Sources */ = {isa = PBXBuildFile; fileRef = 8E1EBB482D20D10400FF4ED5 /* Value+Backpropagation.swift */; };
		8E1EBB4C2D20D26300FF4ED5 /* SqareLoss.swift in Sources */ = {isa = PBXBuildFile; fileRef = 8E1EBB4B2D20D26300FF4ED5 /* SqareLoss.swift */; };
		8E1EBB4E2D21AA9500FF4ED5 /* ValueTestsAdd.swift in Sources */ = {isa = PBXBuildFile; fileRef = 8E1EBB4D2D21AA9500FF4ED5 /* ValueTestsAdd.swift */; };
		8E1EBB502D21AF7900FF4ED5 /* ValueTestsUtils.swift in Sources */ = {isa = PBXBuildFile; fileRef = 8E1EBB4F2D21AF7900FF4ED5 /* ValueTestsUtils.swift */; };
		8E1EBB522D21BB7C00FF4ED5 /* ValueTestsMul.swift in Sources */ = {isa = PBXBuildFile; fileRef = 8E1EBB512D21BB7C00FF4ED5 /* ValueTestsMul.swift */; };
		8E1EBB542D21BC4200FF4ED5 /* ValueTestsSub.swift in Sources */ = {isa = PBXBuildFile; fileRef = 8E1EBB532D21BC4200FF4ED5 /* ValueTestsSub.swift */; };
		8E1EBB562D21BF9700FF4ED5 /* ValueTestsDiv.swift in Sources */ = {isa = PBXBuildFile; fileRef = 8E1EBB552D21BF9700FF4ED5 /* ValueTestsDiv.swift */; };
		8E1EBB582D21C4DB00FF4ED5 /* ValueTestsPow.swift in Sources */ = {isa = PBXBuildFile; fileRef = 8E1EBB572D21C4DB00FF4ED5 /* ValueTestsPow.swift */; };
		8E1EBB5A2D21C68000FF4ED5 /* ValueTestsTanh.swift in Sources */ = {isa = PBXBuildFile; fileRef = 8E1EBB592D21C68000FF4ED5 /* ValueTestsTanh.swift */; };
		8E1EBB5C2D21C89000FF4ED5 /* ValueTestsExp.swift in Sources */ = {isa = PBXBuildFile; fileRef = 8E1EBB5B2D21C89000FF4ED5 /* ValueTestsExp.swift */; };
/* End PBXBuildFile section */

/* Begin PBXContainerItemProxy section */
		8E1EBADD2D2070A600FF4ED5 /* PBXContainerItemProxy */ = {
			isa = PBXContainerItemProxy;
			containerPortal = 8E1EBAC82D2070A600FF4ED5 /* Project object */;
			proxyType = 1;
			remoteGlobalIDString = 8E1EBAD02D2070A600FF4ED5;
			remoteInfo = Micrograd;
		};
/* End PBXContainerItemProxy section */

/* Begin PBXFileReference section */
		8E1EBAD12D2070A600FF4ED5 /* Micrograd.framework */ = {isa = PBXFileReference; explicitFileType = wrapper.framework; includeInIndex = 0; path = Micrograd.framework; sourceTree = BUILT_PRODUCTS_DIR; };
		8E1EBAD42D2070A600FF4ED5 /* Micrograd.h */ = {isa = PBXFileReference; lastKnownFileType = sourcecode.c.h; path = Micrograd.h; sourceTree = "<group>"; };
		8E1EBAD52D2070A600FF4ED5 /* Micrograd.docc */ = {isa = PBXFileReference; lastKnownFileType = folder.documentationcatalog; path = Micrograd.docc; sourceTree = "<group>"; };
		8E1EBADB2D2070A600FF4ED5 /* MicrogradTests.xctest */ = {isa = PBXFileReference; explicitFileType = wrapper.cfbundle; includeInIndex = 0; path = MicrogradTests.xctest; sourceTree = BUILT_PRODUCTS_DIR; };
		8E1EBAEB2D2070FA00FF4ED5 /* Value.swift */ = {isa = PBXFileReference; lastKnownFileType = sourcecode.swift; path = Value.swift; sourceTree = "<group>"; };
		8E1EBB2C2D207DE200FF4ED5 /* Extensions.swift */ = {isa = PBXFileReference; lastKnownFileType = sourcecode.swift; path = Extensions.swift; sourceTree = "<group>"; };
		8E1EBB3A2D20ADCE00FF4ED5 /* Value+Operators.swift */ = {isa = PBXFileReference; lastKnownFileType = sourcecode.swift; path = "Value+Operators.swift"; sourceTree = "<group>"; };
		8E1EBB3F2D20CA0F00FF4ED5 /* Neuron.swift */ = {isa = PBXFileReference; lastKnownFileType = sourcecode.swift; path = Neuron.swift; sourceTree = "<group>"; };
		8E1EBB412D20CC7800FF4ED5 /* Layer.swift */ = {isa = PBXFileReference; lastKnownFileType = sourcecode.swift; path = Layer.swift; sourceTree = "<group>"; };
		8E1EBB432D20CDDE00FF4ED5 /* MLP.swift */ = {isa = PBXFileReference; lastKnownFileType = sourcecode.swift; path = MLP.swift; sourceTree = "<group>"; };
		8E1EBB482D20D10400FF4ED5 /* Value+Backpropagation.swift */ = {isa = PBXFileReference; lastKnownFileType = sourcecode.swift; path = "Value+Backpropagation.swift"; sourceTree = "<group>"; };
		8E1EBB4B2D20D26300FF4ED5 /* SqareLoss.swift */ = {isa = PBXFileReference; lastKnownFileType = sourcecode.swift; path = SqareLoss.swift; sourceTree = "<group>"; };
		8E1EBB4D2D21AA9500FF4ED5 /* ValueTestsAdd.swift */ = {isa = PBXFileReference; lastKnownFileType = sourcecode.swift; path = ValueTestsAdd.swift; sourceTree = "<group>"; };
		8E1EBB4F2D21AF7900FF4ED5 /* ValueTestsUtils.swift */ = {isa = PBXFileReference; lastKnownFileType = sourcecode.swift; path = ValueTestsUtils.swift; sourceTree = "<group>"; };
		8E1EBB512D21BB7C00FF4ED5 /* ValueTestsMul.swift */ = {isa = PBXFileReference; lastKnownFileType = sourcecode.swift; path = ValueTestsMul.swift; sourceTree = "<group>"; };
		8E1EBB532D21BC4200FF4ED5 /* ValueTestsSub.swift */ = {isa = PBXFileReference; lastKnownFileType = sourcecode.swift; path = ValueTestsSub.swift; sourceTree = "<group>"; };
		8E1EBB552D21BF9700FF4ED5 /* ValueTestsDiv.swift */ = {isa = PBXFileReference; lastKnownFileType = sourcecode.swift; path = ValueTestsDiv.swift; sourceTree = "<group>"; };
		8E1EBB572D21C4DB00FF4ED5 /* ValueTestsPow.swift */ = {isa = PBXFileReference; lastKnownFileType = sourcecode.swift; path = ValueTestsPow.swift; sourceTree = "<group>"; };
		8E1EBB592D21C68000FF4ED5 /* ValueTestsTanh.swift */ = {isa = PBXFileReference; lastKnownFileType = sourcecode.swift; path = ValueTestsTanh.swift; sourceTree = "<group>"; };
		8E1EBB5B2D21C89000FF4ED5 /* ValueTestsExp.swift */ = {isa = PBXFileReference; lastKnownFileType = sourcecode.swift; path = ValueTestsExp.swift; sourceTree = "<group>"; };
/* End PBXFileReference section */

/* Begin PBXFrameworksBuildPhase section */
		8E1EBACE2D2070A600FF4ED5 /* Frameworks */ = {
			isa = PBXFrameworksBuildPhase;
			buildActionMask = 2147483647;
			files = (
			);
			runOnlyForDeploymentPostprocessing = 0;
		};
		8E1EBAD82D2070A600FF4ED5 /* Frameworks */ = {
			isa = PBXFrameworksBuildPhase;
			buildActionMask = 2147483647;
			files = (
				8E1EBADC2D2070A600FF4ED5 /* Micrograd.framework in Frameworks */,
			);
			runOnlyForDeploymentPostprocessing = 0;
		};
/* End PBXFrameworksBuildPhase section */

/* Begin PBXGroup section */
		8E1EBAC72D2070A600FF4ED5 = {
			isa = PBXGroup;
			children = (
				8E1EBAD32D2070A600FF4ED5 /* Micrograd */,
				8E1EBADF2D2070A600FF4ED5 /* MicrogradTests */,
				8E1EBAD22D2070A600FF4ED5 /* Products */,
			);
			sourceTree = "<group>";
		};
		8E1EBAD22D2070A600FF4ED5 /* Products */ = {
			isa = PBXGroup;
			children = (
				8E1EBAD12D2070A600FF4ED5 /* Micrograd.framework */,
				8E1EBADB2D2070A600FF4ED5 /* MicrogradTests.xctest */,
			);
			name = Products;
			sourceTree = "<group>";
		};
		8E1EBAD32D2070A600FF4ED5 /* Micrograd */ = {
			isa = PBXGroup;
			children = (
				8E1EBAD42D2070A600FF4ED5 /* Micrograd.h */,
				8E1EBAD52D2070A600FF4ED5 /* Micrograd.docc */,
				8E1EBB2C2D207DE200FF4ED5 /* Extensions.swift */,
				8E1EBB4A2D20D24500FF4ED5 /* CostFunctions */,
				8E1EBB3E2D20C9F700FF4ED5 /* MultiLayerPerceptron */,
				8E1EBB3C2D20C9DA00FF4ED5 /* Value */,
			);
			path = Micrograd;
			sourceTree = "<group>";
		};
		8E1EBADF2D2070A600FF4ED5 /* MicrogradTests */ = {
			isa = PBXGroup;
			children = (
				8E1EBB4F2D21AF7900FF4ED5 /* ValueTestsUtils.swift */,
				8E1EBB4D2D21AA9500FF4ED5 /* ValueTestsAdd.swift */,
				8E1EBB512D21BB7C00FF4ED5 /* ValueTestsMul.swift */,
				8E1EBB532D21BC4200FF4ED5 /* ValueTestsSub.swift */,
				8E1EBB552D21BF9700FF4ED5 /* ValueTestsDiv.swift */,
				8E1EBB572D21C4DB00FF4ED5 /* ValueTestsPow.swift */,
				8E1EBB592D21C68000FF4ED5 /* ValueTestsTanh.swift */,
				8E1EBB5B2D21C89000FF4ED5 /* ValueTestsExp.swift */,
			);
			path = MicrogradTests;
			sourceTree = "<group>";
		};
		8E1EBB3C2D20C9DA00FF4ED5 /* Value */ = {
			isa = PBXGroup;
			children = (
				8E1EBAEB2D2070FA00FF4ED5 /* Value.swift */,
				8E1EBB3A2D20ADCE00FF4ED5 /* Value+Operators.swift */,
				8E1EBB482D20D10400FF4ED5 /* Value+Backpropagation.swift */,
			);
			path = Value;
			sourceTree = "<group>";
		};
		8E1EBB3E2D20C9F700FF4ED5 /* MultiLayerPerceptron */ = {
			isa = PBXGroup;
			children = (
				8E1EBB3F2D20CA0F00FF4ED5 /* Neuron.swift */,
				8E1EBB412D20CC7800FF4ED5 /* Layer.swift */,
				8E1EBB432D20CDDE00FF4ED5 /* MLP.swift */,
			);
			path = MultiLayerPerceptron;
			sourceTree = "<group>";
		};
		8E1EBB4A2D20D24500FF4ED5 /* CostFunctions */ = {
			isa = PBXGroup;
			children = (
				8E1EBB4B2D20D26300FF4ED5 /* SqareLoss.swift */,
			);
			path = CostFunctions;
			sourceTree = "<group>";
		};
/* End PBXGroup section */

/* Begin PBXHeadersBuildPhase section */
		8E1EBACC2D2070A600FF4ED5 /* Headers */ = {
			isa = PBXHeadersBuildPhase;
			buildActionMask = 2147483647;
			files = (
				8E1EBAE22D2070A600FF4ED5 /* Micrograd.h in Headers */,
			);
			runOnlyForDeploymentPostprocessing = 0;
		};
/* End PBXHeadersBuildPhase section */

/* Begin PBXNativeTarget section */
		8E1EBAD02D2070A600FF4ED5 /* Micrograd */ = {
			isa = PBXNativeTarget;
			buildConfigurationList = 8E1EBAE52D2070A600FF4ED5 /* Build configuration list for PBXNativeTarget "Micrograd" */;
			buildPhases = (
				8E1EBACC2D2070A600FF4ED5 /* Headers */,
				8E1EBACD2D2070A600FF4ED5 /* Sources */,
				8E1EBACE2D2070A600FF4ED5 /* Frameworks */,
				8E1EBACF2D2070A600FF4ED5 /* Resources */,
			);
			buildRules = (
			);
			dependencies = (
			);
			name = Micrograd;
			productName = Micrograd;
			productReference = 8E1EBAD12D2070A600FF4ED5 /* Micrograd.framework */;
			productType = "com.apple.product-type.framework";
		};
		8E1EBADA2D2070A600FF4ED5 /* MicrogradTests */ = {
			isa = PBXNativeTarget;
			buildConfigurationList = 8E1EBAE82D2070A600FF4ED5 /* Build configuration list for PBXNativeTarget "MicrogradTests" */;
			buildPhases = (
				8E1EBAD72D2070A600FF4ED5 /* Sources */,
				8E1EBAD82D2070A600FF4ED5 /* Frameworks */,
				8E1EBAD92D2070A600FF4ED5 /* Resources */,
			);
			buildRules = (
			);
			dependencies = (
				8E1EBADE2D2070A600FF4ED5 /* PBXTargetDependency */,
			);
			name = MicrogradTests;
			productName = MicrogradTests;
			productReference = 8E1EBADB2D2070A600FF4ED5 /* MicrogradTests.xctest */;
			productType = "com.apple.product-type.bundle.unit-test";
		};
/* End PBXNativeTarget section */

/* Begin PBXProject section */
		8E1EBAC82D2070A600FF4ED5 /* Project object */ = {
			isa = PBXProject;
			attributes = {
				BuildIndependentTargetsInParallel = 1;
				LastSwiftUpdateCheck = 1520;
				LastUpgradeCheck = 1520;
				TargetAttributes = {
					8E1EBAD02D2070A600FF4ED5 = {
						CreatedOnToolsVersion = 15.2;
					};
					8E1EBADA2D2070A600FF4ED5 = {
						CreatedOnToolsVersion = 15.2;
					};
				};
			};
			buildConfigurationList = 8E1EBACB2D2070A600FF4ED5 /* Build configuration list for PBXProject "Micrograd" */;
			compatibilityVersion = "Xcode 14.0";
			developmentRegion = en;
			hasScannedForEncodings = 0;
			knownRegions = (
				en,
				Base,
			);
			mainGroup = 8E1EBAC72D2070A600FF4ED5;
			productRefGroup = 8E1EBAD22D2070A600FF4ED5 /* Products */;
			projectDirPath = "";
			projectRoot = "";
			targets = (
				8E1EBAD02D2070A600FF4ED5 /* Micrograd */,
				8E1EBADA2D2070A600FF4ED5 /* MicrogradTests */,
			);
		};
/* End PBXProject section */

/* Begin PBXResourcesBuildPhase section */
		8E1EBACF2D2070A600FF4ED5 /* Resources */ = {
			isa = PBXResourcesBuildPhase;
			buildActionMask = 2147483647;
			files = (
			);
			runOnlyForDeploymentPostprocessing = 0;
		};
		8E1EBAD92D2070A600FF4ED5 /* Resources */ = {
			isa = PBXResourcesBuildPhase;
			buildActionMask = 2147483647;
			files = (
			);
			runOnlyForDeploymentPostprocessing = 0;
		};
/* End PBXResourcesBuildPhase section */

/* Begin PBXSourcesBuildPhase section */
		8E1EBACD2D2070A600FF4ED5 /* Sources */ = {
			isa = PBXSourcesBuildPhase;
			buildActionMask = 2147483647;
			files = (
				8E1EBAD62D2070A600FF4ED5 /* Micrograd.docc in Sources */,
				8E1EBB3B2D20ADCE00FF4ED5 /* Value+Operators.swift in Sources */,
				8E1EBB2D2D207DE200FF4ED5 /* Extensions.swift in Sources */,
				8E1EBB492D20D10400FF4ED5 /* Value+Backpropagation.swift in Sources */,
				8E1EBB4C2D20D26300FF4ED5 /* SqareLoss.swift in Sources */,
				8E1EBB422D20CC7800FF4ED5 /* Layer.swift in Sources */,
				8E1EBB442D20CDDE00FF4ED5 /* MLP.swift in Sources */,
				8E1EBAEC2D2070FA00FF4ED5 /* Value.swift in Sources */,
				8E1EBB402D20CA0F00FF4ED5 /* Neuron.swift in Sources */,
			);
			runOnlyForDeploymentPostprocessing = 0;
		};
		8E1EBAD72D2070A600FF4ED5 /* Sources */ = {
			isa = PBXSourcesBuildPhase;
			buildActionMask = 2147483647;
			files = (
				8E1EBB522D21BB7C00FF4ED5 /* ValueTestsMul.swift in Sources */,
				8E1EBB542D21BC4200FF4ED5 /* ValueTestsSub.swift in Sources */,
				8E1EBB5C2D21C89000FF4ED5 /* ValueTestsExp.swift in Sources */,
				8E1EBB5A2D21C68000FF4ED5 /* ValueTestsTanh.swift in Sources */,
				8E1EBB562D21BF9700FF4ED5 /* ValueTestsDiv.swift in Sources */,
				8E1EBB502D21AF7900FF4ED5 /* ValueTestsUtils.swift in Sources */,
				8E1EBB582D21C4DB00FF4ED5 /* ValueTestsPow.swift in Sources */,
				8E1EBB4E2D21AA9500FF4ED5 /* ValueTestsAdd.swift in Sources */,
			);
			runOnlyForDeploymentPostprocessing = 0;
		};
/* End PBXSourcesBuildPhase section */

/* Begin PBXTargetDependency section */
		8E1EBADE2D2070A600FF4ED5 /* PBXTargetDependency */ = {
			isa = PBXTargetDependency;
			target = 8E1EBAD02D2070A600FF4ED5 /* Micrograd */;
			targetProxy = 8E1EBADD2D2070A600FF4ED5 /* PBXContainerItemProxy */;
		};
/* End PBXTargetDependency section */

/* Begin XCBuildConfiguration section */
		8E1EBAE32D2070A600FF4ED5 /* Debug */ = {
			isa = XCBuildConfiguration;
			buildSettings = {
				ALWAYS_SEARCH_USER_PATHS = NO;
				ASSETCATALOG_COMPILER_GENERATE_SWIFT_ASSET_SYMBOL_EXTENSIONS = YES;
				CLANG_ANALYZER_NONNULL = YES;
				CLANG_ANALYZER_NUMBER_OBJECT_CONVERSION = YES_AGGRESSIVE;
				CLANG_CXX_LANGUAGE_STANDARD = "gnu++20";
				CLANG_ENABLE_MODULES = YES;
				CLANG_ENABLE_OBJC_ARC = YES;
				CLANG_ENABLE_OBJC_WEAK = YES;
				CLANG_WARN_BLOCK_CAPTURE_AUTORELEASING = YES;
				CLANG_WARN_BOOL_CONVERSION = YES;
				CLANG_WARN_COMMA = YES;
				CLANG_WARN_CONSTANT_CONVERSION = YES;
				CLANG_WARN_DEPRECATED_OBJC_IMPLEMENTATIONS = YES;
				CLANG_WARN_DIRECT_OBJC_ISA_USAGE = YES_ERROR;
				CLANG_WARN_DOCUMENTATION_COMMENTS = YES;
				CLANG_WARN_EMPTY_BODY = YES;
				CLANG_WARN_ENUM_CONVERSION = YES;
				CLANG_WARN_INFINITE_RECURSION = YES;
				CLANG_WARN_INT_CONVERSION = YES;
				CLANG_WARN_NON_LITERAL_NULL_CONVERSION = YES;
				CLANG_WARN_OBJC_IMPLICIT_RETAIN_SELF = YES;
				CLANG_WARN_OBJC_LITERAL_CONVERSION = YES;
				CLANG_WARN_OBJC_ROOT_CLASS = YES_ERROR;
				CLANG_WARN_QUOTED_INCLUDE_IN_FRAMEWORK_HEADER = YES;
				CLANG_WARN_RANGE_LOOP_ANALYSIS = YES;
				CLANG_WARN_STRICT_PROTOTYPES = YES;
				CLANG_WARN_SUSPICIOUS_MOVE = YES;
				CLANG_WARN_UNGUARDED_AVAILABILITY = YES_AGGRESSIVE;
				CLANG_WARN_UNREACHABLE_CODE = YES;
				CLANG_WARN__DUPLICATE_METHOD_MATCH = YES;
				COPY_PHASE_STRIP = NO;
				CURRENT_PROJECT_VERSION = 1;
				DEBUG_INFORMATION_FORMAT = dwarf;
				ENABLE_STRICT_OBJC_MSGSEND = YES;
				ENABLE_TESTABILITY = YES;
				ENABLE_USER_SCRIPT_SANDBOXING = YES;
				GCC_C_LANGUAGE_STANDARD = gnu17;
				GCC_DYNAMIC_NO_PIC = NO;
				GCC_NO_COMMON_BLOCKS = YES;
				GCC_OPTIMIZATION_LEVEL = 0;
				GCC_PREPROCESSOR_DEFINITIONS = (
					"DEBUG=1",
					"$(inherited)",
				);
				GCC_WARN_64_TO_32_BIT_CONVERSION = YES;
				GCC_WARN_ABOUT_RETURN_TYPE = YES_ERROR;
				GCC_WARN_UNDECLARED_SELECTOR = YES;
				GCC_WARN_UNINITIALIZED_AUTOS = YES_AGGRESSIVE;
				GCC_WARN_UNUSED_FUNCTION = YES;
				GCC_WARN_UNUSED_VARIABLE = YES;
				LOCALIZATION_PREFERS_STRING_CATALOGS = YES;
				MACOSX_DEPLOYMENT_TARGET = 14.2;
				MTL_ENABLE_DEBUG_INFO = INCLUDE_SOURCE;
				MTL_FAST_MATH = YES;
				ONLY_ACTIVE_ARCH = YES;
				SDKROOT = macosx;
				SWIFT_ACTIVE_COMPILATION_CONDITIONS = "DEBUG $(inherited)";
				SWIFT_OPTIMIZATION_LEVEL = "-Onone";
				VERSIONING_SYSTEM = "apple-generic";
				VERSION_INFO_PREFIX = "";
			};
			name = Debug;
		};
		8E1EBAE42D2070A600FF4ED5 /* Release */ = {
			isa = XCBuildConfiguration;
			buildSettings = {
				ALWAYS_SEARCH_USER_PATHS = NO;
				ASSETCATALOG_COMPILER_GENERATE_SWIFT_ASSET_SYMBOL_EXTENSIONS = YES;
				CLANG_ANALYZER_NONNULL = YES;
				CLANG_ANALYZER_NUMBER_OBJECT_CONVERSION = YES_AGGRESSIVE;
				CLANG_CXX_LANGUAGE_STANDARD = "gnu++20";
				CLANG_ENABLE_MODULES = YES;
				CLANG_ENABLE_OBJC_ARC = YES;
				CLANG_ENABLE_OBJC_WEAK = YES;
				CLANG_WARN_BLOCK_CAPTURE_AUTORELEASING = YES;
				CLANG_WARN_BOOL_CONVERSION = YES;
				CLANG_WARN_COMMA = YES;
				CLANG_WARN_CONSTANT_CONVERSION = YES;
				CLANG_WARN_DEPRECATED_OBJC_IMPLEMENTATIONS = YES;
				CLANG_WARN_DIRECT_OBJC_ISA_USAGE = YES_ERROR;
				CLANG_WARN_DOCUMENTATION_COMMENTS = YES;
				CLANG_WARN_EMPTY_BODY = YES;
				CLANG_WARN_ENUM_CONVERSION = YES;
				CLANG_WARN_INFINITE_RECURSION = YES;
				CLANG_WARN_INT_CONVERSION = YES;
				CLANG_WARN_NON_LITERAL_NULL_CONVERSION = YES;
				CLANG_WARN_OBJC_IMPLICIT_RETAIN_SELF = YES;
				CLANG_WARN_OBJC_LITERAL_CONVERSION = YES;
				CLANG_WARN_OBJC_ROOT_CLASS = YES_ERROR;
				CLANG_WARN_QUOTED_INCLUDE_IN_FRAMEWORK_HEADER = YES;
				CLANG_WARN_RANGE_LOOP_ANALYSIS = YES;
				CLANG_WARN_STRICT_PROTOTYPES = YES;
				CLANG_WARN_SUSPICIOUS_MOVE = YES;
				CLANG_WARN_UNGUARDED_AVAILABILITY = YES_AGGRESSIVE;
				CLANG_WARN_UNREACHABLE_CODE = YES;
				CLANG_WARN__DUPLICATE_METHOD_MATCH = YES;
				COPY_PHASE_STRIP = NO;
				CURRENT_PROJECT_VERSION = 1;
				DEBUG_INFORMATION_FORMAT = "dwarf-with-dsym";
				ENABLE_NS_ASSERTIONS = NO;
				ENABLE_STRICT_OBJC_MSGSEND = YES;
				ENABLE_USER_SCRIPT_SANDBOXING = YES;
				GCC_C_LANGUAGE_STANDARD = gnu17;
				GCC_NO_COMMON_BLOCKS = YES;
				GCC_WARN_64_TO_32_BIT_CONVERSION = YES;
				GCC_WARN_ABOUT_RETURN_TYPE = YES_ERROR;
				GCC_WARN_UNDECLARED_SELECTOR = YES;
				GCC_WARN_UNINITIALIZED_AUTOS = YES_AGGRESSIVE;
				GCC_WARN_UNUSED_FUNCTION = YES;
				GCC_WARN_UNUSED_VARIABLE = YES;
				LOCALIZATION_PREFERS_STRING_CATALOGS = YES;
				MACOSX_DEPLOYMENT_TARGET = 14.2;
				MTL_ENABLE_DEBUG_INFO = NO;
				MTL_FAST_MATH = YES;
				SDKROOT = macosx;
				SWIFT_COMPILATION_MODE = wholemodule;
				VERSIONING_SYSTEM = "apple-generic";
				VERSION_INFO_PREFIX = "";
			};
			name = Release;
		};
		8E1EBAE62D2070A600FF4ED5 /* Debug */ = {
			isa = XCBuildConfiguration;
			buildSettings = {
				CODE_SIGN_STYLE = Automatic;
				COMBINE_HIDPI_IMAGES = YES;
				CURRENT_PROJECT_VERSION = 1;
				DEFINES_MODULE = YES;
				DEVELOPMENT_TEAM = K2JV594WP2;
				DYLIB_COMPATIBILITY_VERSION = 1;
				DYLIB_CURRENT_VERSION = 1;
				DYLIB_INSTALL_NAME_BASE = "@rpath";
				ENABLE_MODULE_VERIFIER = YES;
				GENERATE_INFOPLIST_FILE = YES;
				INFOPLIST_KEY_NSHumanReadableCopyright = "";
				INSTALL_PATH = "$(LOCAL_LIBRARY_DIR)/Frameworks";
				LD_RUNPATH_SEARCH_PATHS = (
					"$(inherited)",
					"@executable_path/../Frameworks",
					"@loader_path/Frameworks",
				);
				MARKETING_VERSION = 1.0;
				MODULE_VERIFIER_SUPPORTED_LANGUAGES = "objective-c objective-c++";
				MODULE_VERIFIER_SUPPORTED_LANGUAGE_STANDARDS = "gnu17 gnu++20";
				PRODUCT_BUNDLE_IDENTIFIER = kamil.khairullin.Micrograd;
				PRODUCT_NAME = "$(TARGET_NAME:c99extidentifier)";
				SKIP_INSTALL = YES;
				SWIFT_EMIT_LOC_STRINGS = YES;
				SWIFT_VERSION = 5.0;
			};
			name = Debug;
		};
		8E1EBAE72D2070A600FF4ED5 /* Release */ = {
			isa = XCBuildConfiguration;
			buildSettings = {
				CODE_SIGN_STYLE = Automatic;
				COMBINE_HIDPI_IMAGES = YES;
				CURRENT_PROJECT_VERSION = 1;
				DEFINES_MODULE = YES;
				DEVELOPMENT_TEAM = K2JV594WP2;
				DYLIB_COMPATIBILITY_VERSION = 1;
				DYLIB_CURRENT_VERSION = 1;
				DYLIB_INSTALL_NAME_BASE = "@rpath";
				ENABLE_MODULE_VERIFIER = YES;
				GENERATE_INFOPLIST_FILE = YES;
				INFOPLIST_KEY_NSHumanReadableCopyright = "";
				INSTALL_PATH = "$(LOCAL_LIBRARY_DIR)/Frameworks";
				LD_RUNPATH_SEARCH_PATHS = (
					"$(inherited)",
					"@executable_path/../Frameworks",
					"@loader_path/Frameworks",
				);
				MARKETING_VERSION = 1.0;
				MODULE_VERIFIER_SUPPORTED_LANGUAGES = "objective-c objective-c++";
				MODULE_VERIFIER_SUPPORTED_LANGUAGE_STANDARDS = "gnu17 gnu++20";
				PRODUCT_BUNDLE_IDENTIFIER = kamil.khairullin.Micrograd;
				PRODUCT_NAME = "$(TARGET_NAME:c99extidentifier)";
				SKIP_INSTALL = YES;
				SWIFT_EMIT_LOC_STRINGS = YES;
				SWIFT_VERSION = 5.0;
			};
			name = Release;
		};
		8E1EBAE92D2070A600FF4ED5 /* Debug */ = {
			isa = XCBuildConfiguration;
			buildSettings = {
				ALWAYS_EMBED_SWIFT_STANDARD_LIBRARIES = YES;
				CODE_SIGN_STYLE = Automatic;
				CURRENT_PROJECT_VERSION = 1;
				DEVELOPMENT_TEAM = K2JV594WP2;
				GENERATE_INFOPLIST_FILE = YES;
				MARKETING_VERSION = 1.0;
				PRODUCT_BUNDLE_IDENTIFIER = kamil.khairullin.MicrogradTests;
				PRODUCT_NAME = "$(TARGET_NAME)";
				SWIFT_EMIT_LOC_STRINGS = NO;
				SWIFT_VERSION = 5.0;
			};
			name = Debug;
		};
		8E1EBAEA2D2070A600FF4ED5 /* Release */ = {
			isa = XCBuildConfiguration;
			buildSettings = {
				ALWAYS_EMBED_SWIFT_STANDARD_LIBRARIES = YES;
				CODE_SIGN_STYLE = Automatic;
				CURRENT_PROJECT_VERSION = 1;
				DEVELOPMENT_TEAM = K2JV594WP2;
				GENERATE_INFOPLIST_FILE = YES;
				MARKETING_VERSION = 1.0;
				PRODUCT_BUNDLE_IDENTIFIER = kamil.khairullin.MicrogradTests;
				PRODUCT_NAME = "$(TARGET_NAME)";
				SWIFT_EMIT_LOC_STRINGS = NO;
				SWIFT_VERSION = 5.0;
			};
			name = Release;
		};
/* End XCBuildConfiguration section */

/* Begin XCConfigurationList section */
		8E1EBACB2D2070A600FF4ED5 /* Build configuration list for PBXProject "Micrograd" */ = {
			isa = XCConfigurationList;
			buildConfigurations = (
				8E1EBAE32D2070A600FF4ED5 /* Debug */,
				8E1EBAE42D2070A600FF4ED5 /* Release */,
			);
			defaultConfigurationIsVisible = 0;
			defaultConfigurationName = Release;
		};
		8E1EBAE52D2070A600FF4ED5 /* Build configuration list for PBXNativeTarget "Micrograd" */ = {
			isa = XCConfigurationList;
			buildConfigurations = (
				8E1EBAE62D2070A600FF4ED5 /* Debug */,
				8E1EBAE72D2070A600FF4ED5 /* Release */,
			);
			defaultConfigurationIsVisible = 0;
			defaultConfigurationName = Release;
		};
		8E1EBAE82D2070A600FF4ED5 /* Build configuration list for PBXNativeTarget "MicrogradTests" */ = {
			isa = XCConfigurationList;
			buildConfigurations = (
				8E1EBAE92D2070A600FF4ED5 /* Debug */,
				8E1EBAEA2D2070A600FF4ED5 /* Release */,
			);
			defaultConfigurationIsVisible = 0;
			defaultConfigurationName = Release;
		};
/* End XCConfigurationList section */
	};
	rootObject = 8E1EBAC82D2070A600FF4ED5 /* Project object */;
}
