// !$*UTF8*$!
{
	archiveVersion = 1;
	classes = {
	};
	objectVersion = 56;
	objects = {

/* Begin PBXBuildFile section */
		683DA6356E02C6742676E0A0 /* Pods_SwiftMicrogradTests.framework in Frameworks */ = {isa = PBXBuildFile; fileRef = BC4D81B6E5026FEDB5415698 /* Pods_SwiftMicrogradTests.framework */; };
		897BB361597A67612DEEB4F6 /* Pods_SwiftMicrograd_SwiftMicrogradUITests.framework in Frameworks */ = {isa = PBXBuildFile; fileRef = FA2936133B8762E35121347C /* Pods_SwiftMicrograd_SwiftMicrogradUITests.framework */; };
		8E1EBAFC2D2079D500FF4ED5 /* SwiftMicrogradApp.swift in Sources */ = {isa = PBXBuildFile; fileRef = 8E1EBAFB2D2079D500FF4ED5 /* SwiftMicrogradApp.swift */; };
		8E1EBAFE2D2079D500FF4ED5 /* ContentView.swift in Sources */ = {isa = PBXBuildFile; fileRef = 8E1EBAFD2D2079D500FF4ED5 /* ContentView.swift */; };
		8E1EBB002D2079D600FF4ED5 /* Assets.xcassets in Resources */ = {isa = PBXBuildFile; fileRef = 8E1EBAFF2D2079D600FF4ED5 /* Assets.xcassets */; };
		8E1EBB032D2079D600FF4ED5 /* Preview Assets.xcassets in Resources */ = {isa = PBXBuildFile; fileRef = 8E1EBB022D2079D600FF4ED5 /* Preview Assets.xcassets */; };
		8E1EBB0E2D2079D600FF4ED5 /* SwiftMicrogradTests.swift in Sources */ = {isa = PBXBuildFile; fileRef = 8E1EBB0D2D2079D600FF4ED5 /* SwiftMicrogradTests.swift */; };
		8E1EBB182D2079D600FF4ED5 /* SwiftMicrogradUITests.swift in Sources */ = {isa = PBXBuildFile; fileRef = 8E1EBB172D2079D600FF4ED5 /* SwiftMicrogradUITests.swift */; };
		8E1EBB1A2D2079D600FF4ED5 /* SwiftMicrogradUITestsLaunchTests.swift in Sources */ = {isa = PBXBuildFile; fileRef = 8E1EBB192D2079D600FF4ED5 /* SwiftMicrogradUITestsLaunchTests.swift */; };
		E749A6A4206619F04CD34999 /* Pods_SwiftMicrograd.framework in Frameworks */ = {isa = PBXBuildFile; fileRef = 6EFDDC59AB518AF7EF860739 /* Pods_SwiftMicrograd.framework */; };
/* End PBXBuildFile section */

/* Begin PBXContainerItemProxy section */
		8E1EBB0A2D2079D600FF4ED5 /* PBXContainerItemProxy */ = {
			isa = PBXContainerItemProxy;
			containerPortal = 8E1EBAF02D2079D500FF4ED5 /* Project object */;
			proxyType = 1;
			remoteGlobalIDString = 8E1EBAF72D2079D500FF4ED5;
			remoteInfo = SwiftMicrograd;
		};
		8E1EBB142D2079D600FF4ED5 /* PBXContainerItemProxy */ = {
			isa = PBXContainerItemProxy;
			containerPortal = 8E1EBAF02D2079D500FF4ED5 /* Project object */;
			proxyType = 1;
			remoteGlobalIDString = 8E1EBAF72D2079D500FF4ED5;
			remoteInfo = SwiftMicrograd;
		};
/* End PBXContainerItemProxy section */

/* Begin PBXFileReference section */
		15A268EE865E987D90279B9E /* Pods-SwiftMicrograd-SwiftMicrogradUITests.release.xcconfig */ = {isa = PBXFileReference; includeInIndex = 1; lastKnownFileType = text.xcconfig; name = "Pods-SwiftMicrograd-SwiftMicrogradUITests.release.xcconfig"; path = "Target Support Files/Pods-SwiftMicrograd-SwiftMicrogradUITests/Pods-SwiftMicrograd-SwiftMicrogradUITests.release.xcconfig"; sourceTree = "<group>"; };
		3DE346B4289979ECFE095CCC /* Pods-SwiftMicrograd.release.xcconfig */ = {isa = PBXFileReference; includeInIndex = 1; lastKnownFileType = text.xcconfig; name = "Pods-SwiftMicrograd.release.xcconfig"; path = "Target Support Files/Pods-SwiftMicrograd/Pods-SwiftMicrograd.release.xcconfig"; sourceTree = "<group>"; };
		4232BE0F6CB37C5299EF94EC /* Pods-SwiftMicrograd.debug.xcconfig */ = {isa = PBXFileReference; includeInIndex = 1; lastKnownFileType = text.xcconfig; name = "Pods-SwiftMicrograd.debug.xcconfig"; path = "Target Support Files/Pods-SwiftMicrograd/Pods-SwiftMicrograd.debug.xcconfig"; sourceTree = "<group>"; };
		562C2EB1B6A31E6610A023C4 /* Pods-SwiftMicrogradTests.release.xcconfig */ = {isa = PBXFileReference; includeInIndex = 1; lastKnownFileType = text.xcconfig; name = "Pods-SwiftMicrogradTests.release.xcconfig"; path = "Target Support Files/Pods-SwiftMicrogradTests/Pods-SwiftMicrogradTests.release.xcconfig"; sourceTree = "<group>"; };
		6EFDDC59AB518AF7EF860739 /* Pods_SwiftMicrograd.framework */ = {isa = PBXFileReference; explicitFileType = wrapper.framework; includeInIndex = 0; path = Pods_SwiftMicrograd.framework; sourceTree = BUILT_PRODUCTS_DIR; };
		8E1EBAF82D2079D500FF4ED5 /* SwiftMicrograd.app */ = {isa = PBXFileReference; explicitFileType = wrapper.application; includeInIndex = 0; path = SwiftMicrograd.app; sourceTree = BUILT_PRODUCTS_DIR; };
		8E1EBAFB2D2079D500FF4ED5 /* SwiftMicrogradApp.swift */ = {isa = PBXFileReference; lastKnownFileType = sourcecode.swift; path = SwiftMicrogradApp.swift; sourceTree = "<group>"; };
		8E1EBAFD2D2079D500FF4ED5 /* ContentView.swift */ = {isa = PBXFileReference; lastKnownFileType = sourcecode.swift; path = ContentView.swift; sourceTree = "<group>"; };
		8E1EBAFF2D2079D600FF4ED5 /* Assets.xcassets */ = {isa = PBXFileReference; lastKnownFileType = folder.assetcatalog; path = Assets.xcassets; sourceTree = "<group>"; };
		8E1EBB022D2079D600FF4ED5 /* Preview Assets.xcassets */ = {isa = PBXFileReference; lastKnownFileType = folder.assetcatalog; path = "Preview Assets.xcassets"; sourceTree = "<group>"; };
		8E1EBB042D2079D600FF4ED5 /* SwiftMicrograd.entitlements */ = {isa = PBXFileReference; lastKnownFileType = text.plist.entitlements; path = SwiftMicrograd.entitlements; sourceTree = "<group>"; };
		8E1EBB092D2079D600FF4ED5 /* SwiftMicrogradTests.xctest */ = {isa = PBXFileReference; explicitFileType = wrapper.cfbundle; includeInIndex = 0; path = SwiftMicrogradTests.xctest; sourceTree = BUILT_PRODUCTS_DIR; };
		8E1EBB0D2D2079D600FF4ED5 /* SwiftMicrogradTests.swift */ = {isa = PBXFileReference; lastKnownFileType = sourcecode.swift; path = SwiftMicrogradTests.swift; sourceTree = "<group>"; };
		8E1EBB132D2079D600FF4ED5 /* SwiftMicrogradUITests.xctest */ = {isa = PBXFileReference; explicitFileType = wrapper.cfbundle; includeInIndex = 0; path = SwiftMicrogradUITests.xctest; sourceTree = BUILT_PRODUCTS_DIR; };
		8E1EBB172D2079D600FF4ED5 /* SwiftMicrogradUITests.swift */ = {isa = PBXFileReference; lastKnownFileType = sourcecode.swift; path = SwiftMicrogradUITests.swift; sourceTree = "<group>"; };
		8E1EBB192D2079D600FF4ED5 /* SwiftMicrogradUITestsLaunchTests.swift */ = {isa = PBXFileReference; lastKnownFileType = sourcecode.swift; path = SwiftMicrogradUITestsLaunchTests.swift; sourceTree = "<group>"; };
		B6A8EFA6BE76D8BE5719E491 /* Pods-SwiftMicrograd-SwiftMicrogradUITests.debug.xcconfig */ = {isa = PBXFileReference; includeInIndex = 1; lastKnownFileType = text.xcconfig; name = "Pods-SwiftMicrograd-SwiftMicrogradUITests.debug.xcconfig"; path = "Target Support Files/Pods-SwiftMicrograd-SwiftMicrogradUITests/Pods-SwiftMicrograd-SwiftMicrogradUITests.debug.xcconfig"; sourceTree = "<group>"; };
		BA76D5A1953914CDD5CCEB36 /* Pods-SwiftMicrogradTests.debug.xcconfig */ = {isa = PBXFileReference; includeInIndex = 1; lastKnownFileType = text.xcconfig; name = "Pods-SwiftMicrogradTests.debug.xcconfig"; path = "Target Support Files/Pods-SwiftMicrogradTests/Pods-SwiftMicrogradTests.debug.xcconfig"; sourceTree = "<group>"; };
		BC4D81B6E5026FEDB5415698 /* Pods_SwiftMicrogradTests.framework */ = {isa = PBXFileReference; explicitFileType = wrapper.framework; includeInIndex = 0; path = Pods_SwiftMicrogradTests.framework; sourceTree = BUILT_PRODUCTS_DIR; };
		FA2936133B8762E35121347C /* Pods_SwiftMicrograd_SwiftMicrogradUITests.framework */ = {isa = PBXFileReference; explicitFileType = wrapper.framework; includeInIndex = 0; path = Pods_SwiftMicrograd_SwiftMicrogradUITests.framework; sourceTree = BUILT_PRODUCTS_DIR; };
/* End PBXFileReference section */

/* Begin PBXFrameworksBuildPhase section */
		8E1EBAF52D2079D500FF4ED5 /* Frameworks */ = {
			isa = PBXFrameworksBuildPhase;
			buildActionMask = 2147483647;
			files = (
				E749A6A4206619F04CD34999 /* Pods_SwiftMicrograd.framework in Frameworks */,
			);
			runOnlyForDeploymentPostprocessing = 0;
		};
		8E1EBB062D2079D600FF4ED5 /* Frameworks */ = {
			isa = PBXFrameworksBuildPhase;
			buildActionMask = 2147483647;
			files = (
				683DA6356E02C6742676E0A0 /* Pods_SwiftMicrogradTests.framework in Frameworks */,
			);
			runOnlyForDeploymentPostprocessing = 0;
		};
		8E1EBB102D2079D600FF4ED5 /* Frameworks */ = {
			isa = PBXFrameworksBuildPhase;
			buildActionMask = 2147483647;
			files = (
				897BB361597A67612DEEB4F6 /* Pods_SwiftMicrograd_SwiftMicrogradUITests.framework in Frameworks */,
			);
			runOnlyForDeploymentPostprocessing = 0;
		};
/* End PBXFrameworksBuildPhase section */

/* Begin PBXGroup section */
		5B54796DBE7C3626B546C4D8 /* Pods */ = {
			isa = PBXGroup;
			children = (
				4232BE0F6CB37C5299EF94EC /* Pods-SwiftMicrograd.debug.xcconfig */,
				3DE346B4289979ECFE095CCC /* Pods-SwiftMicrograd.release.xcconfig */,
				B6A8EFA6BE76D8BE5719E491 /* Pods-SwiftMicrograd-SwiftMicrogradUITests.debug.xcconfig */,
				15A268EE865E987D90279B9E /* Pods-SwiftMicrograd-SwiftMicrogradUITests.release.xcconfig */,
				BA76D5A1953914CDD5CCEB36 /* Pods-SwiftMicrogradTests.debug.xcconfig */,
				562C2EB1B6A31E6610A023C4 /* Pods-SwiftMicrogradTests.release.xcconfig */,
			);
			path = Pods;
			sourceTree = "<group>";
		};
		8E1EBAEF2D2079D500FF4ED5 = {
			isa = PBXGroup;
			children = (
				8E1EBAFA2D2079D500FF4ED5 /* SwiftMicrograd */,
				8E1EBB0C2D2079D600FF4ED5 /* SwiftMicrogradTests */,
				8E1EBB162D2079D600FF4ED5 /* SwiftMicrogradUITests */,
				8E1EBAF92D2079D500FF4ED5 /* Products */,
				5B54796DBE7C3626B546C4D8 /* Pods */,
				B687E8D7AE42E59E5C8185BF /* Frameworks */,
			);
			sourceTree = "<group>";
		};
		8E1EBAF92D2079D500FF4ED5 /* Products */ = {
			isa = PBXGroup;
			children = (
				8E1EBAF82D2079D500FF4ED5 /* SwiftMicrograd.app */,
				8E1EBB092D2079D600FF4ED5 /* SwiftMicrogradTests.xctest */,
				8E1EBB132D2079D600FF4ED5 /* SwiftMicrogradUITests.xctest */,
			);
			name = Products;
			sourceTree = "<group>";
		};
		8E1EBAFA2D2079D500FF4ED5 /* SwiftMicrograd */ = {
			isa = PBXGroup;
			children = (
				8E1EBAFB2D2079D500FF4ED5 /* SwiftMicrogradApp.swift */,
				8E1EBAFD2D2079D500FF4ED5 /* ContentView.swift */,
				8E1EBAFF2D2079D600FF4ED5 /* Assets.xcassets */,
				8E1EBB042D2079D600FF4ED5 /* SwiftMicrograd.entitlements */,
				8E1EBB012D2079D600FF4ED5 /* Preview Content */,
			);
			path = SwiftMicrograd;
			sourceTree = "<group>";
		};
		8E1EBB012D2079D600FF4ED5 /* Preview Content */ = {
			isa = PBXGroup;
			children = (
				8E1EBB022D2079D600FF4ED5 /* Preview Assets.xcassets */,
			);
			path = "Preview Content";
			sourceTree = "<group>";
		};
		8E1EBB0C2D2079D600FF4ED5 /* SwiftMicrogradTests */ = {
			isa = PBXGroup;
			children = (
				8E1EBB0D2D2079D600FF4ED5 /* SwiftMicrogradTests.swift */,
			);
			path = SwiftMicrogradTests;
			sourceTree = "<group>";
		};
		8E1EBB162D2079D600FF4ED5 /* SwiftMicrogradUITests */ = {
			isa = PBXGroup;
			children = (
				8E1EBB172D2079D600FF4ED5 /* SwiftMicrogradUITests.swift */,
				8E1EBB192D2079D600FF4ED5 /* SwiftMicrogradUITestsLaunchTests.swift */,
			);
			path = SwiftMicrogradUITests;
			sourceTree = "<group>";
		};
		B687E8D7AE42E59E5C8185BF /* Frameworks */ = {
			isa = PBXGroup;
			children = (
				6EFDDC59AB518AF7EF860739 /* Pods_SwiftMicrograd.framework */,
				FA2936133B8762E35121347C /* Pods_SwiftMicrograd_SwiftMicrogradUITests.framework */,
				BC4D81B6E5026FEDB5415698 /* Pods_SwiftMicrogradTests.framework */,
			);
			name = Frameworks;
			sourceTree = "<group>";
		};
/* End PBXGroup section */

/* Begin PBXNativeTarget section */
		8E1EBAF72D2079D500FF4ED5 /* SwiftMicrograd */ = {
			isa = PBXNativeTarget;
			buildConfigurationList = 8E1EBB1D2D2079D600FF4ED5 /* Build configuration list for PBXNativeTarget "SwiftMicrograd" */;
			buildPhases = (
				02A06C21D7266E637660D0F6 /* [CP] Check Pods Manifest.lock */,
				8E1EBAF42D2079D500FF4ED5 /* Sources */,
				8E1EBAF52D2079D500FF4ED5 /* Frameworks */,
				8E1EBAF62D2079D500FF4ED5 /* Resources */,
				86380160CD8CFD910ACD13E3 /* [CP] Embed Pods Frameworks */,
			);
			buildRules = (
			);
			dependencies = (
			);
			name = SwiftMicrograd;
			productName = SwiftMicrograd;
			productReference = 8E1EBAF82D2079D500FF4ED5 /* SwiftMicrograd.app */;
			productType = "com.apple.product-type.application";
		};
		8E1EBB082D2079D600FF4ED5 /* SwiftMicrogradTests */ = {
			isa = PBXNativeTarget;
			buildConfigurationList = 8E1EBB202D2079D600FF4ED5 /* Build configuration list for PBXNativeTarget "SwiftMicrogradTests" */;
			buildPhases = (
				59C9A758FD3E9EF4E5DF00BD /* [CP] Check Pods Manifest.lock */,
				8E1EBB052D2079D600FF4ED5 /* Sources */,
				8E1EBB062D2079D600FF4ED5 /* Frameworks */,
				8E1EBB072D2079D600FF4ED5 /* Resources */,
			);
			buildRules = (
			);
			dependencies = (
				8E1EBB0B2D2079D600FF4ED5 /* PBXTargetDependency */,
			);
			name = SwiftMicrogradTests;
			productName = SwiftMicrogradTests;
			productReference = 8E1EBB092D2079D600FF4ED5 /* SwiftMicrogradTests.xctest */;
			productType = "com.apple.product-type.bundle.unit-test";
		};
		8E1EBB122D2079D600FF4ED5 /* SwiftMicrogradUITests */ = {
			isa = PBXNativeTarget;
			buildConfigurationList = 8E1EBB232D2079D600FF4ED5 /* Build configuration list for PBXNativeTarget "SwiftMicrogradUITests" */;
			buildPhases = (
				84183D1A722DD39502F3D2D1 /* [CP] Check Pods Manifest.lock */,
				8E1EBB0F2D2079D600FF4ED5 /* Sources */,
				8E1EBB102D2079D600FF4ED5 /* Frameworks */,
				8E1EBB112D2079D600FF4ED5 /* Resources */,
				790C9CA742213D422A35ED3E /* [CP] Embed Pods Frameworks */,
			);
			buildRules = (
			);
			dependencies = (
				8E1EBB152D2079D600FF4ED5 /* PBXTargetDependency */,
			);
			name = SwiftMicrogradUITests;
			productName = SwiftMicrogradUITests;
			productReference = 8E1EBB132D2079D600FF4ED5 /* SwiftMicrogradUITests.xctest */;
			productType = "com.apple.product-type.bundle.ui-testing";
		};
/* End PBXNativeTarget section */

/* Begin PBXProject section */
		8E1EBAF02D2079D500FF4ED5 /* Project object */ = {
			isa = PBXProject;
			attributes = {
				BuildIndependentTargetsInParallel = 1;
				LastSwiftUpdateCheck = 1520;
				LastUpgradeCheck = 1520;
				TargetAttributes = {
					8E1EBAF72D2079D500FF4ED5 = {
						CreatedOnToolsVersion = 15.2;
					};
					8E1EBB082D2079D600FF4ED5 = {
						CreatedOnToolsVersion = 15.2;
						TestTargetID = 8E1EBAF72D2079D500FF4ED5;
					};
					8E1EBB122D2079D600FF4ED5 = {
						CreatedOnToolsVersion = 15.2;
						TestTargetID = 8E1EBAF72D2079D500FF4ED5;
					};
				};
			};
			buildConfigurationList = 8E1EBAF32D2079D500FF4ED5 /* Build configuration list for PBXProject "SwiftMicrograd" */;
			compatibilityVersion = "Xcode 14.0";
			developmentRegion = en;
			hasScannedForEncodings = 0;
			knownRegions = (
				en,
				Base,
			);
			mainGroup = 8E1EBAEF2D2079D500FF4ED5;
			productRefGroup = 8E1EBAF92D2079D500FF4ED5 /* Products */;
			projectDirPath = "";
			projectRoot = "";
			targets = (
				8E1EBAF72D2079D500FF4ED5 /* SwiftMicrograd */,
				8E1EBB082D2079D600FF4ED5 /* SwiftMicrogradTests */,
				8E1EBB122D2079D600FF4ED5 /* SwiftMicrogradUITests */,
			);
		};
/* End PBXProject section */

/* Begin PBXResourcesBuildPhase section */
		8E1EBAF62D2079D500FF4ED5 /* Resources */ = {
			isa = PBXResourcesBuildPhase;
			buildActionMask = 2147483647;
			files = (
				8E1EBB032D2079D600FF4ED5 /* Preview Assets.xcassets in Resources */,
				8E1EBB002D2079D600FF4ED5 /* Assets.xcassets in Resources */,
			);
			runOnlyForDeploymentPostprocessing = 0;
		};
		8E1EBB072D2079D600FF4ED5 /* Resources */ = {
			isa = PBXResourcesBuildPhase;
			buildActionMask = 2147483647;
			files = (
			);
			runOnlyForDeploymentPostprocessing = 0;
		};
		8E1EBB112D2079D600FF4ED5 /* Resources */ = {
			isa = PBXResourcesBuildPhase;
			buildActionMask = 2147483647;
			files = (
			);
			runOnlyForDeploymentPostprocessing = 0;
		};
/* End PBXResourcesBuildPhase section */

/* Begin PBXShellScriptBuildPhase section */
		02A06C21D7266E637660D0F6 /* [CP] Check Pods Manifest.lock */ = {
			isa = PBXShellScriptBuildPhase;
			buildActionMask = 2147483647;
			files = (
			);
			inputFileListPaths = (
			);
			inputPaths = (
				"${PODS_PODFILE_DIR_PATH}/Podfile.lock",
				"${PODS_ROOT}/Manifest.lock",
			);
			name = "[CP] Check Pods Manifest.lock";
			outputFileListPaths = (
			);
			outputPaths = (
				"$(DERIVED_FILE_DIR)/Pods-SwiftMicrograd-checkManifestLockResult.txt",
			);
			runOnlyForDeploymentPostprocessing = 0;
			shellPath = /bin/sh;
			shellScript = "diff \"${PODS_PODFILE_DIR_PATH}/Podfile.lock\" \"${PODS_ROOT}/Manifest.lock\" > /dev/null\nif [ $? != 0 ] ; then\n    # print error to STDERR\n    echo \"error: The sandbox is not in sync with the Podfile.lock. Run 'pod install' or update your CocoaPods installation.\" >&2\n    exit 1\nfi\n# This output is used by Xcode 'outputs' to avoid re-running this script phase.\necho \"SUCCESS\" > \"${SCRIPT_OUTPUT_FILE_0}\"\n";
			showEnvVarsInLog = 0;
		};
		59C9A758FD3E9EF4E5DF00BD /* [CP] Check Pods Manifest.lock */ = {
			isa = PBXShellScriptBuildPhase;
			buildActionMask = 2147483647;
			files = (
			);
			inputFileListPaths = (
			);
			inputPaths = (
				"${PODS_PODFILE_DIR_PATH}/Podfile.lock",
				"${PODS_ROOT}/Manifest.lock",
			);
			name = "[CP] Check Pods Manifest.lock";
			outputFileListPaths = (
			);
			outputPaths = (
				"$(DERIVED_FILE_DIR)/Pods-SwiftMicrogradTests-checkManifestLockResult.txt",
			);
			runOnlyForDeploymentPostprocessing = 0;
			shellPath = /bin/sh;
			shellScript = "diff \"${PODS_PODFILE_DIR_PATH}/Podfile.lock\" \"${PODS_ROOT}/Manifest.lock\" > /dev/null\nif [ $? != 0 ] ; then\n    # print error to STDERR\n    echo \"error: The sandbox is not in sync with the Podfile.lock. Run 'pod install' or update your CocoaPods installation.\" >&2\n    exit 1\nfi\n# This output is used by Xcode 'outputs' to avoid re-running this script phase.\necho \"SUCCESS\" > \"${SCRIPT_OUTPUT_FILE_0}\"\n";
			showEnvVarsInLog = 0;
		};
		790C9CA742213D422A35ED3E /* [CP] Embed Pods Frameworks */ = {
			isa = PBXShellScriptBuildPhase;
			buildActionMask = 2147483647;
			files = (
			);
			inputFileListPaths = (
				"${PODS_ROOT}/Target Support Files/Pods-SwiftMicrograd-SwiftMicrogradUITests/Pods-SwiftMicrograd-SwiftMicrogradUITests-frameworks-${CONFIGURATION}-input-files.xcfilelist",
			);
			name = "[CP] Embed Pods Frameworks";
			outputFileListPaths = (
				"${PODS_ROOT}/Target Support Files/Pods-SwiftMicrograd-SwiftMicrogradUITests/Pods-SwiftMicrograd-SwiftMicrogradUITests-frameworks-${CONFIGURATION}-output-files.xcfilelist",
			);
			runOnlyForDeploymentPostprocessing = 0;
			shellPath = /bin/sh;
			shellScript = "\"${PODS_ROOT}/Target Support Files/Pods-SwiftMicrograd-SwiftMicrogradUITests/Pods-SwiftMicrograd-SwiftMicrogradUITests-frameworks.sh\"\n";
			showEnvVarsInLog = 0;
		};
		84183D1A722DD39502F3D2D1 /* [CP] Check Pods Manifest.lock */ = {
			isa = PBXShellScriptBuildPhase;
			buildActionMask = 2147483647;
			files = (
			);
			inputFileListPaths = (
			);
			inputPaths = (
				"${PODS_PODFILE_DIR_PATH}/Podfile.lock",
				"${PODS_ROOT}/Manifest.lock",
			);
			name = "[CP] Check Pods Manifest.lock";
			outputFileListPaths = (
			);
			outputPaths = (
				"$(DERIVED_FILE_DIR)/Pods-SwiftMicrograd-SwiftMicrogradUITests-checkManifestLockResult.txt",
			);
			runOnlyForDeploymentPostprocessing = 0;
			shellPath = /bin/sh;
			shellScript = "diff \"${PODS_PODFILE_DIR_PATH}/Podfile.lock\" \"${PODS_ROOT}/Manifest.lock\" > /dev/null\nif [ $? != 0 ] ; then\n    # print error to STDERR\n    echo \"error: The sandbox is not in sync with the Podfile.lock. Run 'pod install' or update your CocoaPods installation.\" >&2\n    exit 1\nfi\n# This output is used by Xcode 'outputs' to avoid re-running this script phase.\necho \"SUCCESS\" > \"${SCRIPT_OUTPUT_FILE_0}\"\n";
			showEnvVarsInLog = 0;
		};
		86380160CD8CFD910ACD13E3 /* [CP] Embed Pods Frameworks */ = {
			isa = PBXShellScriptBuildPhase;
			buildActionMask = 2147483647;
			files = (
			);
			inputFileListPaths = (
				"${PODS_ROOT}/Target Support Files/Pods-SwiftMicrograd/Pods-SwiftMicrograd-frameworks-${CONFIGURATION}-input-files.xcfilelist",
			);
			name = "[CP] Embed Pods Frameworks";
			outputFileListPaths = (
				"${PODS_ROOT}/Target Support Files/Pods-SwiftMicrograd/Pods-SwiftMicrograd-frameworks-${CONFIGURATION}-output-files.xcfilelist",
			);
			runOnlyForDeploymentPostprocessing = 0;
			shellPath = /bin/sh;
			shellScript = "\"${PODS_ROOT}/Target Support Files/Pods-SwiftMicrograd/Pods-SwiftMicrograd-frameworks.sh\"\n";
			showEnvVarsInLog = 0;
		};
/* End PBXShellScriptBuildPhase section */

/* Begin PBXSourcesBuildPhase section */
		8E1EBAF42D2079D500FF4ED5 /* Sources */ = {
			isa = PBXSourcesBuildPhase;
			buildActionMask = 2147483647;
			files = (
				8E1EBAFE2D2079D500FF4ED5 /* ContentView.swift in Sources */,
				8E1EBAFC2D2079D500FF4ED5 /* SwiftMicrogradApp.swift in Sources */,
			);
			runOnlyForDeploymentPostprocessing = 0;
		};
		8E1EBB052D2079D600FF4ED5 /* Sources */ = {
			isa = PBXSourcesBuildPhase;
			buildActionMask = 2147483647;
			files = (
				8E1EBB0E2D2079D600FF4ED5 /* SwiftMicrogradTests.swift in Sources */,
			);
			runOnlyForDeploymentPostprocessing = 0;
		};
		8E1EBB0F2D2079D600FF4ED5 /* Sources */ = {
			isa = PBXSourcesBuildPhase;
			buildActionMask = 2147483647;
			files = (
				8E1EBB182D2079D600FF4ED5 /* SwiftMicrogradUITests.swift in Sources */,
				8E1EBB1A2D2079D600FF4ED5 /* SwiftMicrogradUITestsLaunchTests.swift in Sources */,
			);
			runOnlyForDeploymentPostprocessing = 0;
		};
/* End PBXSourcesBuildPhase section */

/* Begin PBXTargetDependency section */
		8E1EBB0B2D2079D600FF4ED5 /* PBXTargetDependency */ = {
			isa = PBXTargetDependency;
			target = 8E1EBAF72D2079D500FF4ED5 /* SwiftMicrograd */;
			targetProxy = 8E1EBB0A2D2079D600FF4ED5 /* PBXContainerItemProxy */;
		};
		8E1EBB152D2079D600FF4ED5 /* PBXTargetDependency */ = {
			isa = PBXTargetDependency;
			target = 8E1EBAF72D2079D500FF4ED5 /* SwiftMicrograd */;
			targetProxy = 8E1EBB142D2079D600FF4ED5 /* PBXContainerItemProxy */;
		};
/* End PBXTargetDependency section */

/* Begin XCBuildConfiguration section */
		8E1EBB1B2D2079D600FF4ED5 /* Debug */ = {
			isa = XCBuildConfiguration;
			buildSettings = {
				ALWAYS_SEARCH_USER_PATHS = NO;
				ASSETCATALOG_COMPILER_GENERATE_SWIFT_ASSET_SYMBOL_EXTENSIONS = YES;
				CLANG_ANALYZER_NONNULL = YES;
				CLANG_ANALYZER_NUMBER_OBJECT_CONVERSION = YES_AGGRESSIVE;
				CLANG_CXX_LANGUAGE_STANDARD = "gnu++20";
				CLANG_ENABLE_MODULES = YES;
				CLANG_ENABLE_OBJC_ARC = YES;
				CLANG_ENABLE_OBJC_WEAK = YES;
				CLANG_WARN_BLOCK_CAPTURE_AUTORELEASING = YES;
				CLANG_WARN_BOOL_CONVERSION = YES;
				CLANG_WARN_COMMA = YES;
				CLANG_WARN_CONSTANT_CONVERSION = YES;
				CLANG_WARN_DEPRECATED_OBJC_IMPLEMENTATIONS = YES;
				CLANG_WARN_DIRECT_OBJC_ISA_USAGE = YES_ERROR;
				CLANG_WARN_DOCUMENTATION_COMMENTS = YES;
				CLANG_WARN_EMPTY_BODY = YES;
				CLANG_WARN_ENUM_CONVERSION = YES;
				CLANG_WARN_INFINITE_RECURSION = YES;
				CLANG_WARN_INT_CONVERSION = YES;
				CLANG_WARN_NON_LITERAL_NULL_CONVERSION = YES;
				CLANG_WARN_OBJC_IMPLICIT_RETAIN_SELF = YES;
				CLANG_WARN_OBJC_LITERAL_CONVERSION = YES;
				CLANG_WARN_OBJC_ROOT_CLASS = YES_ERROR;
				CLANG_WARN_QUOTED_INCLUDE_IN_FRAMEWORK_HEADER = YES;
				CLANG_WARN_RANGE_LOOP_ANALYSIS = YES;
				CLANG_WARN_STRICT_PROTOTYPES = YES;
				CLANG_WARN_SUSPICIOUS_MOVE = YES;
				CLANG_WARN_UNGUARDED_AVAILABILITY = YES_AGGRESSIVE;
				CLANG_WARN_UNREACHABLE_CODE = YES;
				CLANG_WARN__DUPLICATE_METHOD_MATCH = YES;
				COPY_PHASE_STRIP = NO;
				DEBUG_INFORMATION_FORMAT = dwarf;
				ENABLE_STRICT_OBJC_MSGSEND = YES;
				ENABLE_TESTABILITY = YES;
				ENABLE_USER_SCRIPT_SANDBOXING = YES;
				GCC_C_LANGUAGE_STANDARD = gnu17;
				GCC_DYNAMIC_NO_PIC = NO;
				GCC_NO_COMMON_BLOCKS = YES;
				GCC_OPTIMIZATION_LEVEL = 0;
				GCC_PREPROCESSOR_DEFINITIONS = (
					"DEBUG=1",
					"$(inherited)",
				);
				GCC_WARN_64_TO_32_BIT_CONVERSION = YES;
				GCC_WARN_ABOUT_RETURN_TYPE = YES_ERROR;
				GCC_WARN_UNDECLARED_SELECTOR = YES;
				GCC_WARN_UNINITIALIZED_AUTOS = YES_AGGRESSIVE;
				GCC_WARN_UNUSED_FUNCTION = YES;
				GCC_WARN_UNUSED_VARIABLE = YES;
				LOCALIZATION_PREFERS_STRING_CATALOGS = YES;
				MACOSX_DEPLOYMENT_TARGET = 14.2;
				MTL_ENABLE_DEBUG_INFO = INCLUDE_SOURCE;
				MTL_FAST_MATH = YES;
				ONLY_ACTIVE_ARCH = YES;
				SDKROOT = macosx;
				SWIFT_ACTIVE_COMPILATION_CONDITIONS = "DEBUG $(inherited)";
				SWIFT_OPTIMIZATION_LEVEL = "-Onone";
			};
			name = Debug;
		};
		8E1EBB1C2D2079D600FF4ED5 /* Release */ = {
			isa = XCBuildConfiguration;
			buildSettings = {
				ALWAYS_SEARCH_USER_PATHS = NO;
				ASSETCATALOG_COMPILER_GENERATE_SWIFT_ASSET_SYMBOL_EXTENSIONS = YES;
				CLANG_ANALYZER_NONNULL = YES;
				CLANG_ANALYZER_NUMBER_OBJECT_CONVERSION = YES_AGGRESSIVE;
				CLANG_CXX_LANGUAGE_STANDARD = "gnu++20";
				CLANG_ENABLE_MODULES = YES;
				CLANG_ENABLE_OBJC_ARC = YES;
				CLANG_ENABLE_OBJC_WEAK = YES;
				CLANG_WARN_BLOCK_CAPTURE_AUTORELEASING = YES;
				CLANG_WARN_BOOL_CONVERSION = YES;
				CLANG_WARN_COMMA = YES;
				CLANG_WARN_CONSTANT_CONVERSION = YES;
				CLANG_WARN_DEPRECATED_OBJC_IMPLEMENTATIONS = YES;
				CLANG_WARN_DIRECT_OBJC_ISA_USAGE = YES_ERROR;
				CLANG_WARN_DOCUMENTATION_COMMENTS = YES;
				CLANG_WARN_EMPTY_BODY = YES;
				CLANG_WARN_ENUM_CONVERSION = YES;
				CLANG_WARN_INFINITE_RECURSION = YES;
				CLANG_WARN_INT_CONVERSION = YES;
				CLANG_WARN_NON_LITERAL_NULL_CONVERSION = YES;
				CLANG_WARN_OBJC_IMPLICIT_RETAIN_SELF = YES;
				CLANG_WARN_OBJC_LITERAL_CONVERSION = YES;
				CLANG_WARN_OBJC_ROOT_CLASS = YES_ERROR;
				CLANG_WARN_QUOTED_INCLUDE_IN_FRAMEWORK_HEADER = YES;
				CLANG_WARN_RANGE_LOOP_ANALYSIS = YES;
				CLANG_WARN_STRICT_PROTOTYPES = YES;
				CLANG_WARN_SUSPICIOUS_MOVE = YES;
				CLANG_WARN_UNGUARDED_AVAILABILITY = YES_AGGRESSIVE;
				CLANG_WARN_UNREACHABLE_CODE = YES;
				CLANG_WARN__DUPLICATE_METHOD_MATCH = YES;
				COPY_PHASE_STRIP = NO;
				DEBUG_INFORMATION_FORMAT = "dwarf-with-dsym";
				ENABLE_NS_ASSERTIONS = NO;
				ENABLE_STRICT_OBJC_MSGSEND = YES;
				ENABLE_USER_SCRIPT_SANDBOXING = YES;
				GCC_C_LANGUAGE_STANDARD = gnu17;
				GCC_NO_COMMON_BLOCKS = YES;
				GCC_WARN_64_TO_32_BIT_CONVERSION = YES;
				GCC_WARN_ABOUT_RETURN_TYPE = YES_ERROR;
				GCC_WARN_UNDECLARED_SELECTOR = YES;
				GCC_WARN_UNINITIALIZED_AUTOS = YES_AGGRESSIVE;
				GCC_WARN_UNUSED_FUNCTION = YES;
				GCC_WARN_UNUSED_VARIABLE = YES;
				LOCALIZATION_PREFERS_STRING_CATALOGS = YES;
				MACOSX_DEPLOYMENT_TARGET = 14.2;
				MTL_ENABLE_DEBUG_INFO = NO;
				MTL_FAST_MATH = YES;
				SDKROOT = macosx;
				SWIFT_COMPILATION_MODE = wholemodule;
			};
			name = Release;
		};
		8E1EBB1E2D2079D600FF4ED5 /* Debug */ = {
			isa = XCBuildConfiguration;
			baseConfigurationReference = 4232BE0F6CB37C5299EF94EC /* Pods-SwiftMicrograd.debug.xcconfig */;
			buildSettings = {
				ASSETCATALOG_COMPILER_APPICON_NAME = AppIcon;
				ASSETCATALOG_COMPILER_GLOBAL_ACCENT_COLOR_NAME = AccentColor;
				CODE_SIGN_ENTITLEMENTS = SwiftMicrograd/SwiftMicrograd.entitlements;
				CODE_SIGN_STYLE = Automatic;
				COMBINE_HIDPI_IMAGES = YES;
				CURRENT_PROJECT_VERSION = 1;
				DEVELOPMENT_ASSET_PATHS = "\"SwiftMicrograd/Preview Content\"";
				DEVELOPMENT_TEAM = K2JV594WP2;
				ENABLE_HARDENED_RUNTIME = YES;
				ENABLE_PREVIEWS = YES;
				ENABLE_USER_SCRIPT_SANDBOXING = NO;
				GENERATE_INFOPLIST_FILE = YES;
				INFOPLIST_KEY_NSHumanReadableCopyright = "";
				LD_RUNPATH_SEARCH_PATHS = (
					"$(inherited)",
					"@executable_path/../Frameworks",
				);
				MARKETING_VERSION = 1.0;
				PRODUCT_BUNDLE_IDENTIFIER = kamil.khairullin.SwiftMicrograd;
				PRODUCT_NAME = "$(TARGET_NAME)";
				SWIFT_EMIT_LOC_STRINGS = YES;
				SWIFT_VERSION = 5.0;
			};
			name = Debug;
		};
		8E1EBB1F2D2079D600FF4ED5 /* Release */ = {
			isa = XCBuildConfiguration;
			baseConfigurationReference = 3DE346B4289979ECFE095CCC /* Pods-SwiftMicrograd.release.xcconfig */;
			buildSettings = {
				ASSETCATALOG_COMPILER_APPICON_NAME = AppIcon;
				ASSETCATALOG_COMPILER_GLOBAL_ACCENT_COLOR_NAME = AccentColor;
				CODE_SIGN_ENTITLEMENTS = SwiftMicrograd/SwiftMicrograd.entitlements;
				CODE_SIGN_STYLE = Automatic;
				COMBINE_HIDPI_IMAGES = YES;
				CURRENT_PROJECT_VERSION = 1;
				DEVELOPMENT_ASSET_PATHS = "\"SwiftMicrograd/Preview Content\"";
				DEVELOPMENT_TEAM = K2JV594WP2;
				ENABLE_HARDENED_RUNTIME = YES;
				ENABLE_PREVIEWS = YES;
				ENABLE_USER_SCRIPT_SANDBOXING = NO;
				GENERATE_INFOPLIST_FILE = YES;
				INFOPLIST_KEY_NSHumanReadableCopyright = "";
				LD_RUNPATH_SEARCH_PATHS = (
					"$(inherited)",
					"@executable_path/../Frameworks",
				);
				MARKETING_VERSION = 1.0;
				PRODUCT_BUNDLE_IDENTIFIER = kamil.khairullin.SwiftMicrograd;
				PRODUCT_NAME = "$(TARGET_NAME)";
				SWIFT_EMIT_LOC_STRINGS = YES;
				SWIFT_VERSION = 5.0;
			};
			name = Release;
		};
		8E1EBB212D2079D600FF4ED5 /* Debug */ = {
			isa = XCBuildConfiguration;
			baseConfigurationReference = BA76D5A1953914CDD5CCEB36 /* Pods-SwiftMicrogradTests.debug.xcconfig */;
			buildSettings = {
				ALWAYS_EMBED_SWIFT_STANDARD_LIBRARIES = YES;
				BUNDLE_LOADER = "$(TEST_HOST)";
				CODE_SIGN_STYLE = Automatic;
				CURRENT_PROJECT_VERSION = 1;
				DEVELOPMENT_TEAM = K2JV594WP2;
				GENERATE_INFOPLIST_FILE = YES;
				MACOSX_DEPLOYMENT_TARGET = 14.2;
				MARKETING_VERSION = 1.0;
				PRODUCT_BUNDLE_IDENTIFIER = kamil.khairullin.SwiftMicrogradTests;
				PRODUCT_NAME = "$(TARGET_NAME)";
				SWIFT_EMIT_LOC_STRINGS = NO;
				SWIFT_VERSION = 5.0;
				TEST_HOST = "$(BUILT_PRODUCTS_DIR)/SwiftMicrograd.app/$(BUNDLE_EXECUTABLE_FOLDER_PATH)/SwiftMicrograd";
			};
			name = Debug;
		};
		8E1EBB222D2079D600FF4ED5 /* Release */ = {
			isa = XCBuildConfiguration;
			baseConfigurationReference = 562C2EB1B6A31E6610A023C4 /* Pods-SwiftMicrogradTests.release.xcconfig */;
			buildSettings = {
				ALWAYS_EMBED_SWIFT_STANDARD_LIBRARIES = YES;
				BUNDLE_LOADER = "$(TEST_HOST)";
				CODE_SIGN_STYLE = Automatic;
				CURRENT_PROJECT_VERSION = 1;
				DEVELOPMENT_TEAM = K2JV594WP2;
				GENERATE_INFOPLIST_FILE = YES;
				MACOSX_DEPLOYMENT_TARGET = 14.2;
				MARKETING_VERSION = 1.0;
				PRODUCT_BUNDLE_IDENTIFIER = kamil.khairullin.SwiftMicrogradTests;
				PRODUCT_NAME = "$(TARGET_NAME)";
				SWIFT_EMIT_LOC_STRINGS = NO;
				SWIFT_VERSION = 5.0;
				TEST_HOST = "$(BUILT_PRODUCTS_DIR)/SwiftMicrograd.app/$(BUNDLE_EXECUTABLE_FOLDER_PATH)/SwiftMicrograd";
			};
			name = Release;
		};
		8E1EBB242D2079D600FF4ED5 /* Debug */ = {
			isa = XCBuildConfiguration;
			baseConfigurationReference = B6A8EFA6BE76D8BE5719E491 /* Pods-SwiftMicrograd-SwiftMicrogradUITests.debug.xcconfig */;
			buildSettings = {
				ALWAYS_EMBED_SWIFT_STANDARD_LIBRARIES = YES;
				CODE_SIGN_STYLE = Automatic;
				CURRENT_PROJECT_VERSION = 1;
				DEVELOPMENT_TEAM = K2JV594WP2;
				GENERATE_INFOPLIST_FILE = YES;
				MARKETING_VERSION = 1.0;
				PRODUCT_BUNDLE_IDENTIFIER = kamil.khairullin.SwiftMicrogradUITests;
				PRODUCT_NAME = "$(TARGET_NAME)";
				SWIFT_EMIT_LOC_STRINGS = NO;
				SWIFT_VERSION = 5.0;
				TEST_TARGET_NAME = SwiftMicrograd;
			};
			name = Debug;
		};
		8E1EBB252D2079D600FF4ED5 /* Release */ = {
			isa = XCBuildConfiguration;
			baseConfigurationReference = 15A268EE865E987D90279B9E /* Pods-SwiftMicrograd-SwiftMicrogradUITests.release.xcconfig */;
			buildSettings = {
				ALWAYS_EMBED_SWIFT_STANDARD_LIBRARIES = YES;
				CODE_SIGN_STYLE = Automatic;
				CURRENT_PROJECT_VERSION = 1;
				DEVELOPMENT_TEAM = K2JV594WP2;
				GENERATE_INFOPLIST_FILE = YES;
				MARKETING_VERSION = 1.0;
				PRODUCT_BUNDLE_IDENTIFIER = kamil.khairullin.SwiftMicrogradUITests;
				PRODUCT_NAME = "$(TARGET_NAME)";
				SWIFT_EMIT_LOC_STRINGS = NO;
				SWIFT_VERSION = 5.0;
				TEST_TARGET_NAME = SwiftMicrograd;
			};
			name = Release;
		};
/* End XCBuildConfiguration section */

/* Begin XCConfigurationList section */
		8E1EBAF32D2079D500FF4ED5 /* Build configuration list for PBXProject "SwiftMicrograd" */ = {
			isa = XCConfigurationList;
			buildConfigurations = (
				8E1EBB1B2D2079D600FF4ED5 /* Debug */,
				8E1EBB1C2D2079D600FF4ED5 /* Release */,
			);
			defaultConfigurationIsVisible = 0;
			defaultConfigurationName = Release;
		};
		8E1EBB1D2D2079D600FF4ED5 /* Build configuration list for PBXNativeTarget "SwiftMicrograd" */ = {
			isa = XCConfigurationList;
			buildConfigurations = (
				8E1EBB1E2D2079D600FF4ED5 /* Debug */,
				8E1EBB1F2D2079D600FF4ED5 /* Release */,
			);
			defaultConfigurationIsVisible = 0;
			defaultConfigurationName = Release;
		};
		8E1EBB202D2079D600FF4ED5 /* Build configuration list for PBXNativeTarget "SwiftMicrogradTests" */ = {
			isa = XCConfigurationList;
			buildConfigurations = (
				8E1EBB212D2079D600FF4ED5 /* Debug */,
				8E1EBB222D2079D600FF4ED5 /* Release */,
			);
			defaultConfigurationIsVisible = 0;
			defaultConfigurationName = Release;
		};
		8E1EBB232D2079D600FF4ED5 /* Build configuration list for PBXNativeTarget "SwiftMicrogradUITests" */ = {
			isa = XCConfigurationList;
			buildConfigurations = (
				8E1EBB242D2079D600FF4ED5 /* Debug */,
				8E1EBB252D2079D600FF4ED5 /* Release */,
			);
			defaultConfigurationIsVisible = 0;
			defaultConfigurationName = Release;
		};
/* End XCConfigurationList section */
	};
	rootObject = 8E1EBAF02D2079D500FF4ED5 /* Project object */;
}
